
Microsoft Visual Studio Solution File, Format Version 12.00
# Visual Studio Version 17
VisualStudioVersion = 17.8.34330.188
MinimumVisualStudioVersion = 10.0.40219.1
Project("{FAE04EC0-301F-11D3-BF4B-00C04F79EFBC}") = "Indexer", "Indexer\Indexer.csproj", "{409D075F-04EB-4A96-8275-75860D67FECE}"
EndProject
Global
	GlobalSection(SolutionConfigurationPlatforms) = preSolution
		Debug|Any CPU = Debug|Any CPU
		Release|Any CPU = Release|Any CPU
	EndGlobalSection
	GlobalSection(ProjectConfigurationPlatforms) = postSolution
		{409D075F-04EB-4A96-8275-75860D67FECE}.Debug|Any CPU.ActiveCfg = Debug|Any CPU
		{409D075F-04EB-4A96-8275-75860D67FECE}.Debug|Any CPU.Build.0 = Debug|Any CPU
		{409D075F-04EB-4A96-8275-75860D67FECE}.Release|Any CPU.ActiveCfg = Release|Any CPU
		{409D075F-04EB-4A96-8275-75860D67FECE}.Release|Any CPU.Build.0 = Release|Any CPU
	EndGlobalSection
	GlobalSection(SolutionProperties) = preSolution
		HideSolutionNode = FALSE
	EndGlobalSection
	GlobalSection(ExtensibilityGlobals) = postSolution
		SolutionGuid = {EC54030F-DB4C-437C-A6A1-5874BDBD8FD9}
	EndGlobalSection
EndGlobal
